
Microsoft Visual Studio Solution File, Format Version 12.00
# Visual Studio 15
VisualStudioVersion = 15.0.26124.0
MinimumVisualStudioVersion = 15.0.26124.0
Project("{FAE04EC0-301F-11D3-BF4B-00C04F79EFBC}") = "Domain", "Domain\Domain.csproj", "{5F2E92A2-1D11-46D7-9786-0676F9433D44}"
EndProject
Project("{FAE04EC0-301F-11D3-BF4B-00C04F79EFBC}") = "Application", "Application\Application.csproj", "{1F83A9B0-0869-4F7D-B7DD-2FFD0328588B}"
EndProject
Project("{FAE04EC0-301F-11D3-BF4B-00C04F79EFBC}") = "Persistence", "Persistence\Persistence.csproj", "{8B529003-99ED-4DAD-9352-8BFD39992B12}"
EndProject
Project("{FAE04EC0-301F-11D3-BF4B-00C04F79EFBC}") = "API", "API\API.csproj", "{12A7B65B-EF6D-46C4-8F7E-5731C27306A2}"
EndProject
Project("{FAE04EC0-301F-11D3-BF4B-00C04F79EFBC}") = "Infrastructure", "Infrastructure\Infrastructure.csproj", "{BFBCDAC4-899D-4136-9772-BC758DD0C335}"
EndProject
Global
	GlobalSection(SolutionConfigurationPlatforms) = preSolution
		Debug|Any CPU = Debug|Any CPU
		Debug|x64 = Debug|x64
		Debug|x86 = Debug|x86
		Release|Any CPU = Release|Any CPU
		Release|x64 = Release|x64
		Release|x86 = Release|x86
	EndGlobalSection
	GlobalSection(SolutionProperties) = preSolution
		HideSolutionNode = FALSE
	EndGlobalSection
	GlobalSection(ProjectConfigurationPlatforms) = postSolution
		{5F2E92A2-1D11-46D7-9786-0676F9433D44}.Debug|Any CPU.ActiveCfg = Debug|Any CPU
		{5F2E92A2-1D11-46D7-9786-0676F9433D44}.Debug|Any CPU.Build.0 = Debug|Any CPU
		{5F2E92A2-1D11-46D7-9786-0676F9433D44}.Debug|x64.ActiveCfg = Debug|Any CPU
		{5F2E92A2-1D11-46D7-9786-0676F9433D44}.Debug|x64.Build.0 = Debug|Any CPU
		{5F2E92A2-1D11-46D7-9786-0676F9433D44}.Debug|x86.ActiveCfg = Debug|Any CPU
		{5F2E92A2-1D11-46D7-9786-0676F9433D44}.Debug|x86.Build.0 = Debug|Any CPU
		{5F2E92A2-1D11-46D7-9786-0676F9433D44}.Release|Any CPU.ActiveCfg = Release|Any CPU
		{5F2E92A2-1D11-46D7-9786-0676F9433D44}.Release|Any CPU.Build.0 = Release|Any CPU
		{5F2E92A2-1D11-46D7-9786-0676F9433D44}.Release|x64.ActiveCfg = Release|Any CPU
		{5F2E92A2-1D11-46D7-9786-0676F9433D44}.Release|x64.Build.0 = Release|Any CPU
		{5F2E92A2-1D11-46D7-9786-0676F9433D44}.Release|x86.ActiveCfg = Release|Any CPU
		{5F2E92A2-1D11-46D7-9786-0676F9433D44}.Release|x86.Build.0 = Release|Any CPU
		{1F83A9B0-0869-4F7D-B7DD-2FFD0328588B}.Debug|Any CPU.ActiveCfg = Debug|Any CPU
		{1F83A9B0-0869-4F7D-B7DD-2FFD0328588B}.Debug|Any CPU.Build.0 = Debug|Any CPU
		{1F83A9B0-0869-4F7D-B7DD-2FFD0328588B}.Debug|x64.ActiveCfg = Debug|Any CPU
		{1F83A9B0-0869-4F7D-B7DD-2FFD0328588B}.Debug|x64.Build.0 = Debug|Any CPU
		{1F83A9B0-0869-4F7D-B7DD-2FFD0328588B}.Debug|x86.ActiveCfg = Debug|Any CPU
		{1F83A9B0-0869-4F7D-B7DD-2FFD0328588B}.Debug|x86.Build.0 = Debug|Any CPU
		{1F83A9B0-0869-4F7D-B7DD-2FFD0328588B}.Release|Any CPU.ActiveCfg = Release|Any CPU
		{1F83A9B0-0869-4F7D-B7DD-2FFD0328588B}.Release|Any CPU.Build.0 = Release|Any CPU
		{1F83A9B0-0869-4F7D-B7DD-2FFD0328588B}.Release|x64.ActiveCfg = Release|Any CPU
		{1F83A9B0-0869-4F7D-B7DD-2FFD0328588B}.Release|x64.Build.0 = Release|Any CPU
		{1F83A9B0-0869-4F7D-B7DD-2FFD0328588B}.Release|x86.ActiveCfg = Release|Any CPU
		{1F83A9B0-0869-4F7D-B7DD-2FFD0328588B}.Release|x86.Build.0 = Release|Any CPU
		{8B529003-99ED-4DAD-9352-8BFD39992B12}.Debug|Any CPU.ActiveCfg = Debug|Any CPU
		{8B529003-99ED-4DAD-9352-8BFD39992B12}.Debug|Any CPU.Build.0 = Debug|Any CPU
		{8B529003-99ED-4DAD-9352-8BFD39992B12}.Debug|x64.ActiveCfg = Debug|Any CPU
		{8B529003-99ED-4DAD-9352-8BFD39992B12}.Debug|x64.Build.0 = Debug|Any CPU
		{8B529003-99ED-4DAD-9352-8BFD39992B12}.Debug|x86.ActiveCfg = Debug|Any CPU
		{8B529003-99ED-4DAD-9352-8BFD39992B12}.Debug|x86.Build.0 = Debug|Any CPU
		{8B529003-99ED-4DAD-9352-8BFD39992B12}.Release|Any CPU.ActiveCfg = Release|Any CPU
		{8B529003-99ED-4DAD-9352-8BFD39992B12}.Release|Any CPU.Build.0 = Release|Any CPU
		{8B529003-99ED-4DAD-9352-8BFD39992B12}.Release|x64.ActiveCfg = Release|Any CPU
		{8B529003-99ED-4DAD-9352-8BFD39992B12}.Release|x64.Build.0 = Release|Any CPU
		{8B529003-99ED-4DAD-9352-8BFD39992B12}.Release|x86.ActiveCfg = Release|Any CPU
		{8B529003-99ED-4DAD-9352-8BFD39992B12}.Release|x86.Build.0 = Release|Any CPU
		{12A7B65B-EF6D-46C4-8F7E-5731C27306A2}.Debug|Any CPU.ActiveCfg = Debug|Any CPU
		{12A7B65B-EF6D-46C4-8F7E-5731C27306A2}.Debug|Any CPU.Build.0 = Debug|Any CPU
		{12A7B65B-EF6D-46C4-8F7E-5731C27306A2}.Debug|x64.ActiveCfg = Debug|Any CPU
		{12A7B65B-EF6D-46C4-8F7E-5731C27306A2}.Debug|x64.Build.0 = Debug|Any CPU
		{12A7B65B-EF6D-46C4-8F7E-5731C27306A2}.Debug|x86.ActiveCfg = Debug|Any CPU
		{12A7B65B-EF6D-46C4-8F7E-5731C27306A2}.Debug|x86.Build.0 = Debug|Any CPU
		{12A7B65B-EF6D-46C4-8F7E-5731C27306A2}.Release|Any CPU.ActiveCfg = Release|Any CPU
		{12A7B65B-EF6D-46C4-8F7E-5731C27306A2}.Release|Any CPU.Build.0 = Release|Any CPU
		{12A7B65B-EF6D-46C4-8F7E-5731C27306A2}.Release|x64.ActiveCfg = Release|Any CPU
		{12A7B65B-EF6D-46C4-8F7E-5731C27306A2}.Release|x64.Build.0 = Release|Any CPU
		{12A7B65B-EF6D-46C4-8F7E-5731C27306A2}.Release|x86.ActiveCfg = Release|Any CPU
		{12A7B65B-EF6D-46C4-8F7E-5731C27306A2}.Release|x86.Build.0 = Release|Any CPU
		{BFBCDAC4-899D-4136-9772-BC758DD0C335}.Debug|Any CPU.ActiveCfg = Debug|Any CPU
		{BFBCDAC4-899D-4136-9772-BC758DD0C335}.Debug|Any CPU.Build.0 = Debug|Any CPU
		{BFBCDAC4-899D-4136-9772-BC758DD0C335}.Debug|x64.ActiveCfg = Debug|Any CPU
		{BFBCDAC4-899D-4136-9772-BC758DD0C335}.Debug|x64.Build.0 = Debug|Any CPU
		{BFBCDAC4-899D-4136-9772-BC758DD0C335}.Debug|x86.ActiveCfg = Debug|Any CPU
		{BFBCDAC4-899D-4136-9772-BC758DD0C335}.Debug|x86.Build.0 = Debug|Any CPU
		{BFBCDAC4-899D-4136-9772-BC758DD0C335}.Release|Any CPU.ActiveCfg = Release|Any CPU
		{BFBCDAC4-899D-4136-9772-BC758DD0C335}.Release|Any CPU.Build.0 = Release|Any CPU
		{BFBCDAC4-899D-4136-9772-BC758DD0C335}.Release|x64.ActiveCfg = Release|Any CPU
		{BFBCDAC4-899D-4136-9772-BC758DD0C335}.Release|x64.Build.0 = Release|Any CPU
		{BFBCDAC4-899D-4136-9772-BC758DD0C335}.Release|x86.ActiveCfg = Release|Any CPU
		{BFBCDAC4-899D-4136-9772-BC758DD0C335}.Release|x86.Build.0 = Release|Any CPU
	EndGlobalSection
EndGlobal
